{
  "nodes": {
    "home-manager": {
      "inputs": {
        "nixpkgs": [
          "nixpkgs"
        ]
      },
      "locked": {
        "lastModified": 1734862405,
        "narHash": "sha256-bXZJvUMJ2A6sIpYcCUAGjYCD5UDzmpmQCdmJSkPhleU=",
        "owner": "nix-community",
        "repo": "home-manager",
        "rev": "cb27edb5221d2f2920a03155f8becc502cf60e35",
        "type": "github"
      },
      "original": {
        "owner": "nix-community",
        "ref": "master",
        "repo": "home-manager",
        "type": "github"
      }
    },
    "nixpkgs": {
      "locked": {
        "lastModified": 1734878235,
        "narHash": "sha256-mppCH6BambkTg5WVgcQsHv9aLa1/4Wy5lTFiuC2CWTU=",
        "owner": "NixOS",
        "repo": "nixpkgs",
        "rev": "ae727e1ad62b6c432cca5ae3818296c96f243824",
        "type": "github"
      },
      "original": {
        "owner": "NixOS",
        "ref": "master",
        "repo": "nixpkgs",
        "type": "github"
      }
    },
    "root": {
      "inputs": {
        "home-manager": "home-manager",
        "nixpkgs": "nixpkgs"
      }
    }
  },
  "root": "root",
  "version": 7
}
