{
  "nodes": {
    "home-manager": {
      "inputs": {
        "nixpkgs": [
          "nixpkgs"
        ]
      },
      "locked": {
        "lastModified": 1739992710,
        "narHash": "sha256-9kEscmGnXHjSgcqyJR4TzzHhska4yz1inSQs6HuO9qU=",
        "owner": "nix-community",
        "repo": "home-manager",
        "rev": "1c189f011447810af939a886ba7bee33532bb1f9",
        "type": "github"
      },
      "original": {
        "owner": "nix-community",
        "ref": "master",
        "repo": "home-manager",
        "type": "github"
      }
    },
    "nixpkgs": {
      "locked": {
        "lastModified": 1740032334,
        "narHash": "sha256-wnGrtZk5tHRb9FALCPTuUYA2zg6IfeiORpGq1ow6Nsw=",
        "owner": "NixOS",
        "repo": "nixpkgs",
        "rev": "dbab87be2d16d6636c3d7afd60a1e5702bc48b2e",
        "type": "github"
      },
      "original": {
        "owner": "NixOS",
        "ref": "master",
        "repo": "nixpkgs",
        "type": "github"
      }
    },
    "root": {
      "inputs": {
        "home-manager": "home-manager",
        "nixpkgs": "nixpkgs"
      }
    }
  },
  "root": "root",
  "version": 7
}
